// !$*UTF8*$!
{
	archiveVersion = 1;
	classes = {
	};
	objectVersion = 51;
	objects = {

/* Begin PBXBuildFile section */
		36237B0C49F149D36B7F6FF2 /* Pods_myFirstApp.framework in Frameworks */ = {isa = PBXBuildFile; fileRef = FF76C579942E985869C6457F /* Pods_myFirstApp.framework */; };
		4D49CA0A2435E20F004A7E1E /* AppDelegate.swift in Sources */ = {isa = PBXBuildFile; fileRef = 4D49CA092435E20F004A7E1E /* AppDelegate.swift */; };
		4D49CA0E2435E20F004A7E1E /* ViewController.swift in Sources */ = {isa = PBXBuildFile; fileRef = 4D49CA0D2435E20F004A7E1E /* ViewController.swift */; };
		4D49CA112435E20F004A7E1E /* Main.storyboard in Resources */ = {isa = PBXBuildFile; fileRef = 4D49CA0F2435E20F004A7E1E /* Main.storyboard */; };
		4D49CA132435E211004A7E1E /* Assets.xcassets in Resources */ = {isa = PBXBuildFile; fileRef = 4D49CA122435E211004A7E1E /* Assets.xcassets */; };
		4D49CA162435E211004A7E1E /* LaunchScreen.storyboard in Resources */ = {isa = PBXBuildFile; fileRef = 4D49CA142435E211004A7E1E /* LaunchScreen.storyboard */; };
		4D49CA30243F56E5004A7E1E /* SecondViewController.swift in Sources */ = {isa = PBXBuildFile; fileRef = 4D49CA2F243F56E5004A7E1E /* SecondViewController.swift */; };
		4D49CA33244448C1004A7E1E /* FirstViewModel.swift in Sources */ = {isa = PBXBuildFile; fileRef = 4D49CA32244448C1004A7E1E /* FirstViewModel.swift */; };
		4D49CA5A2444CB81004A7E1E /* NextViewController.swift in Sources */ = {isa = PBXBuildFile; fileRef = 4D49CA592444CB81004A7E1E /* NextViewController.swift */; };
		4D49CA682449EFE0004A7E1E /* CovidCell.swift in Sources */ = {isa = PBXBuildFile; fileRef = 4D49CA662449EFE0004A7E1E /* CovidCell.swift */; };
		4D49CA692449EFE0004A7E1E /* CovidCell.xib in Resources */ = {isa = PBXBuildFile; fileRef = 4D49CA672449EFE0004A7E1E /* CovidCell.xib */; };
		4D49CA6C244A0783004A7E1E /* CovidCellTotal.swift in Sources */ = {isa = PBXBuildFile; fileRef = 4D49CA6A244A0783004A7E1E /* CovidCellTotal.swift */; };
		4D49CA6D244A0783004A7E1E /* CovidCellTotal.xib in Resources */ = {isa = PBXBuildFile; fileRef = 4D49CA6B244A0783004A7E1E /* CovidCellTotal.xib */; };
		7D50FD72244DD68200CF00AC /* Covid.swift in Sources */ = {isa = PBXBuildFile; fileRef = 7D50FD71244DD68200CF00AC /* Covid.swift */; };
		7D50FD74244DD68E00CF00AC /* Death.swift in Sources */ = {isa = PBXBuildFile; fileRef = 7D50FD73244DD68E00CF00AC /* Death.swift */; };
		7D50FD76244DD69700CF00AC /* Cases.swift in Sources */ = {isa = PBXBuildFile; fileRef = 7D50FD75244DD69700CF00AC /* Cases.swift */; };
		7D50FD78244DD9B000CF00AC /*  Response.swift in Sources */ = {isa = PBXBuildFile; fileRef = 7D50FD77244DD9B000CF00AC /*  Response.swift */; };
/* End PBXBuildFile section */

/* Begin PBXFileReference section */
		21F1025338F98F892B390846 /* Pods-myFirstApp.release.xcconfig */ = {isa = PBXFileReference; includeInIndex = 1; lastKnownFileType = text.xcconfig; name = "Pods-myFirstApp.release.xcconfig"; path = "Target Support Files/Pods-myFirstApp/Pods-myFirstApp.release.xcconfig"; sourceTree = "<group>"; };
		4A097B0CC718FEEE2007C02B /* Pods-myFirstApp.debug.xcconfig */ = {isa = PBXFileReference; includeInIndex = 1; lastKnownFileType = text.xcconfig; name = "Pods-myFirstApp.debug.xcconfig"; path = "Target Support Files/Pods-myFirstApp/Pods-myFirstApp.debug.xcconfig"; sourceTree = "<group>"; };
		4D49CA062435E20F004A7E1E /* myFirstApp.app */ = {isa = PBXFileReference; explicitFileType = wrapper.application; includeInIndex = 0; path = myFirstApp.app; sourceTree = BUILT_PRODUCTS_DIR; };
		4D49CA092435E20F004A7E1E /* AppDelegate.swift */ = {isa = PBXFileReference; lastKnownFileType = sourcecode.swift; path = AppDelegate.swift; sourceTree = "<group>"; };
		4D49CA0D2435E20F004A7E1E /* ViewController.swift */ = {isa = PBXFileReference; lastKnownFileType = sourcecode.swift; path = ViewController.swift; sourceTree = "<group>"; };
		4D49CA102435E20F004A7E1E /* Base */ = {isa = PBXFileReference; lastKnownFileType = file.storyboard; name = Base; path = Base.lproj/Main.storyboard; sourceTree = "<group>"; };
		4D49CA122435E211004A7E1E /* Assets.xcassets */ = {isa = PBXFileReference; lastKnownFileType = folder.assetcatalog; path = Assets.xcassets; sourceTree = "<group>"; };
		4D49CA152435E211004A7E1E /* Base */ = {isa = PBXFileReference; lastKnownFileType = file.storyboard; name = Base; path = Base.lproj/LaunchScreen.storyboard; sourceTree = "<group>"; };
		4D49CA172435E211004A7E1E /* Info.plist */ = {isa = PBXFileReference; lastKnownFileType = text.plist.xml; path = Info.plist; sourceTree = "<group>"; };
		4D49CA2F243F56E5004A7E1E /* SecondViewController.swift */ = {isa = PBXFileReference; lastKnownFileType = sourcecode.swift; path = SecondViewController.swift; sourceTree = "<group>"; };
		4D49CA32244448C1004A7E1E /* FirstViewModel.swift */ = {isa = PBXFileReference; lastKnownFileType = sourcecode.swift; path = FirstViewModel.swift; sourceTree = "<group>"; };
		4D49CA592444CB81004A7E1E /* NextViewController.swift */ = {isa = PBXFileReference; lastKnownFileType = sourcecode.swift; path = NextViewController.swift; sourceTree = "<group>"; };
		4D49CA662449EFE0004A7E1E /* CovidCell.swift */ = {isa = PBXFileReference; lastKnownFileType = sourcecode.swift; path = CovidCell.swift; sourceTree = "<group>"; };
		4D49CA672449EFE0004A7E1E /* CovidCell.xib */ = {isa = PBXFileReference; lastKnownFileType = file.xib; path = CovidCell.xib; sourceTree = "<group>"; };
		4D49CA6A244A0783004A7E1E /* CovidCellTotal.swift */ = {isa = PBXFileReference; lastKnownFileType = sourcecode.swift; path = CovidCellTotal.swift; sourceTree = "<group>"; };
		4D49CA6B244A0783004A7E1E /* CovidCellTotal.xib */ = {isa = PBXFileReference; lastKnownFileType = file.xib; path = CovidCellTotal.xib; sourceTree = "<group>"; };
		7D50FD71244DD68200CF00AC /* Covid.swift */ = {isa = PBXFileReference; lastKnownFileType = sourcecode.swift; path = Covid.swift; sourceTree = "<group>"; };
		7D50FD73244DD68E00CF00AC /* Death.swift */ = {isa = PBXFileReference; lastKnownFileType = sourcecode.swift; path = Death.swift; sourceTree = "<group>"; };
		7D50FD75244DD69700CF00AC /* Cases.swift */ = {isa = PBXFileReference; lastKnownFileType = sourcecode.swift; path = Cases.swift; sourceTree = "<group>"; };
		7D50FD77244DD9B000CF00AC /*  Response.swift */ = {isa = PBXFileReference; lastKnownFileType = sourcecode.swift; path = " Response.swift"; sourceTree = "<group>"; };
		FF76C579942E985869C6457F /* Pods_myFirstApp.framework */ = {isa = PBXFileReference; explicitFileType = wrapper.framework; includeInIndex = 0; path = Pods_myFirstApp.framework; sourceTree = BUILT_PRODUCTS_DIR; };
/* End PBXFileReference section */

/* Begin PBXFrameworksBuildPhase section */
		4D49CA032435E20F004A7E1E /* Frameworks */ = {
			isa = PBXFrameworksBuildPhase;
			buildActionMask = 2147483647;
			files = (
				36237B0C49F149D36B7F6FF2 /* Pods_myFirstApp.framework in Frameworks */,
			);
			runOnlyForDeploymentPostprocessing = 0;
		};
/* End PBXFrameworksBuildPhase section */

/* Begin PBXGroup section */
		02DEC6127EF3CD99269B3A58 /* Pods */ = {
			isa = PBXGroup;
			children = (
				4A097B0CC718FEEE2007C02B /* Pods-myFirstApp.debug.xcconfig */,
				21F1025338F98F892B390846 /* Pods-myFirstApp.release.xcconfig */,
			);
			path = Pods;
			sourceTree = "<group>";
		};
		4D49C9FD2435E20F004A7E1E = {
			isa = PBXGroup;
			children = (
				4D49CA082435E20F004A7E1E /* myFirstApp */,
				4D49CA072435E20F004A7E1E /* Products */,
				02DEC6127EF3CD99269B3A58 /* Pods */,
				E1C0C906EED49CE18717F788 /* Frameworks */,
			);
			sourceTree = "<group>";
		};
		4D49CA072435E20F004A7E1E /* Products */ = {
			isa = PBXGroup;
			children = (
				4D49CA062435E20F004A7E1E /* myFirstApp.app */,
			);
			name = Products;
			sourceTree = "<group>";
		};
		4D49CA082435E20F004A7E1E /* myFirstApp */ = {
			isa = PBXGroup;
			children = (
				4D49CA3124444883004A7E1E /* FirstScreen */,
				4D49CA092435E20F004A7E1E /* AppDelegate.swift */,
				4D49CA0F2435E20F004A7E1E /* Main.storyboard */,
				4D49CA122435E211004A7E1E /* Assets.xcassets */,
				4D49CA142435E211004A7E1E /* LaunchScreen.storyboard */,
				4D49CA5D2444D62A004A7E1E /* NextPage */,
				4D49CA172435E211004A7E1E /* Info.plist */,
				4D49CA2F243F56E5004A7E1E /* SecondViewController.swift */,
			);
			path = myFirstApp;
			sourceTree = "<group>";
		};
		4D49CA3124444883004A7E1E /* FirstScreen */ = {
			isa = PBXGroup;
			children = (
				4D49CA0D2435E20F004A7E1E /* ViewController.swift */,
				4D49CA32244448C1004A7E1E /* FirstViewModel.swift */,
			);
			path = FirstScreen;
			sourceTree = "<group>";
		};
		4D49CA5D2444D62A004A7E1E /* NextPage */ = {
			isa = PBXGroup;
			children = (
				7D50FD70244DD66C00CF00AC /* Models */,
				4D49CA592444CB81004A7E1E /* NextViewController.swift */,
				4D49CA662449EFE0004A7E1E /* CovidCell.swift */,
				4D49CA672449EFE0004A7E1E /* CovidCell.xib */,
				4D49CA6A244A0783004A7E1E /* CovidCellTotal.swift */,
				4D49CA6B244A0783004A7E1E /* CovidCellTotal.xib */,
			);
			path = NextPage;
			sourceTree = "<group>";
		};
		7D50FD70244DD66C00CF00AC /* Models */ = {
			isa = PBXGroup;
			children = (
				7D50FD71244DD68200CF00AC /* Covid.swift */,
				7D50FD73244DD68E00CF00AC /* Death.swift */,
				7D50FD75244DD69700CF00AC /* Cases.swift */,
				7D50FD77244DD9B000CF00AC /*  Response.swift */,
			);
			path = Models;
			sourceTree = "<group>";
		};
		E1C0C906EED49CE18717F788 /* Frameworks */ = {
			isa = PBXGroup;
			children = (
				FF76C579942E985869C6457F /* Pods_myFirstApp.framework */,
			);
			name = Frameworks;
			sourceTree = "<group>";
		};
/* End PBXGroup section */

/* Begin PBXNativeTarget section */
		4D49CA052435E20F004A7E1E /* myFirstApp */ = {
			isa = PBXNativeTarget;
			buildConfigurationList = 4D49CA1A2435E211004A7E1E /* Build configuration list for PBXNativeTarget "myFirstApp" */;
			buildPhases = (
				1E427265F5A669A4F61AFC78 /* [CP] Check Pods Manifest.lock */,
				4D49CA022435E20F004A7E1E /* Sources */,
				4D49CA032435E20F004A7E1E /* Frameworks */,
				4D49CA042435E20F004A7E1E /* Resources */,
				1FFE88ABD7D234AD38C378A6 /* [CP] Embed Pods Frameworks */,
			);
			buildRules = (
			);
			dependencies = (
			);
			name = myFirstApp;
			productName = myFirstApp;
			productReference = 4D49CA062435E20F004A7E1E /* myFirstApp.app */;
			productType = "com.apple.product-type.application";
		};
/* End PBXNativeTarget section */

/* Begin PBXProject section */
		4D49C9FE2435E20F004A7E1E /* Project object */ = {
			isa = PBXProject;
			attributes = {
				LastSwiftUpdateCheck = 1130;
				LastUpgradeCheck = 1130;
				ORGANIZATIONNAME = "Still Beat";
				TargetAttributes = {
					4D49CA052435E20F004A7E1E = {
						CreatedOnToolsVersion = 11.3.1;
					};
				};
			};
			buildConfigurationList = 4D49CA012435E20F004A7E1E /* Build configuration list for PBXProject "myFirstApp" */;
			compatibilityVersion = "Xcode 9.3";
			developmentRegion = en;
			hasScannedForEncodings = 0;
			knownRegions = (
				en,
				Base,
			);
			mainGroup = 4D49C9FD2435E20F004A7E1E;
			productRefGroup = 4D49CA072435E20F004A7E1E /* Products */;
			projectDirPath = "";
			projectRoot = "";
			targets = (
				4D49CA052435E20F004A7E1E /* myFirstApp */,
			);
		};
/* End PBXProject section */

/* Begin PBXResourcesBuildPhase section */
		4D49CA042435E20F004A7E1E /* Resources */ = {
			isa = PBXResourcesBuildPhase;
			buildActionMask = 2147483647;
			files = (
				4D49CA162435E211004A7E1E /* LaunchScreen.storyboard in Resources */,
				4D49CA132435E211004A7E1E /* Assets.xcassets in Resources */,
				4D49CA6D244A0783004A7E1E /* CovidCellTotal.xib in Resources */,
				4D49CA112435E20F004A7E1E /* Main.storyboard in Resources */,
				4D49CA692449EFE0004A7E1E /* CovidCell.xib in Resources */,
			);
			runOnlyForDeploymentPostprocessing = 0;
		};
/* End PBXResourcesBuildPhase section */

/* Begin PBXShellScriptBuildPhase section */
		1E427265F5A669A4F61AFC78 /* [CP] Check Pods Manifest.lock */ = {
			isa = PBXShellScriptBuildPhase;
			buildActionMask = 2147483647;
			files = (
			);
			inputFileListPaths = (
			);
			inputPaths = (
				"${PODS_PODFILE_DIR_PATH}/Podfile.lock",
				"${PODS_ROOT}/Manifest.lock",
			);
			name = "[CP] Check Pods Manifest.lock";
			outputFileListPaths = (
			);
			outputPaths = (
				"$(DERIVED_FILE_DIR)/Pods-myFirstApp-checkManifestLockResult.txt",
			);
			runOnlyForDeploymentPostprocessing = 0;
			shellPath = /bin/sh;
			shellScript = "diff \"${PODS_PODFILE_DIR_PATH}/Podfile.lock\" \"${PODS_ROOT}/Manifest.lock\" > /dev/null\nif [ $? != 0 ] ; then\n    # print error to STDERR\n    echo \"error: The sandbox is not in sync with the Podfile.lock. Run 'pod install' or update your CocoaPods installation.\" >&2\n    exit 1\nfi\n# This output is used by Xcode 'outputs' to avoid re-running this script phase.\necho \"SUCCESS\" > \"${SCRIPT_OUTPUT_FILE_0}\"\n";
			showEnvVarsInLog = 0;
		};
		1FFE88ABD7D234AD38C378A6 /* [CP] Embed Pods Frameworks */ = {
			isa = PBXShellScriptBuildPhase;
			buildActionMask = 2147483647;
			files = (
			);
			inputFileListPaths = (
				"${PODS_ROOT}/Target Support Files/Pods-myFirstApp/Pods-myFirstApp-frameworks-${CONFIGURATION}-input-files.xcfilelist",
			);
			name = "[CP] Embed Pods Frameworks";
			outputFileListPaths = (
				"${PODS_ROOT}/Target Support Files/Pods-myFirstApp/Pods-myFirstApp-frameworks-${CONFIGURATION}-output-files.xcfilelist",
			);
			runOnlyForDeploymentPostprocessing = 0;
			shellPath = /bin/sh;
			shellScript = "\"${PODS_ROOT}/Target Support Files/Pods-myFirstApp/Pods-myFirstApp-frameworks.sh\"\n";
			showEnvVarsInLog = 0;
		};
/* End PBXShellScriptBuildPhase section */

/* Begin PBXSourcesBuildPhase section */
		4D49CA022435E20F004A7E1E /* Sources */ = {
			isa = PBXSourcesBuildPhase;
			buildActionMask = 2147483647;
			files = (
				4D49CA5A2444CB81004A7E1E /* NextViewController.swift in Sources */,
				4D49CA30243F56E5004A7E1E /* SecondViewController.swift in Sources */,
				4D49CA0E2435E20F004A7E1E /* ViewController.swift in Sources */,
				7D50FD72244DD68200CF00AC /* Covid.swift in Sources */,
				4D49CA0A2435E20F004A7E1E /* AppDelegate.swift in Sources */,
				4D49CA33244448C1004A7E1E /* FirstViewModel.swift in Sources */,
				4D49CA682449EFE0004A7E1E /* CovidCell.swift in Sources */,
				7D50FD76244DD69700CF00AC /* Cases.swift in Sources */,
				7D50FD74244DD68E00CF00AC /* Death.swift in Sources */,
				4D49CA6C244A0783004A7E1E /* CovidCellTotal.swift in Sources */,
				7D50FD78244DD9B000CF00AC /*  Response.swift in Sources */,
			);
			runOnlyForDeploymentPostprocessing = 0;
		};
/* End PBXSourcesBuildPhase section */

/* Begin PBXVariantGroup section */
		4D49CA0F2435E20F004A7E1E /* Main.storyboard */ = {
			isa = PBXVariantGroup;
			children = (
				4D49CA102435E20F004A7E1E /* Base */,
			);
			name = Main.storyboard;
			sourceTree = "<group>";
		};
		4D49CA142435E211004A7E1E /* LaunchScreen.storyboard */ = {
			isa = PBXVariantGroup;
			children = (
				4D49CA152435E211004A7E1E /* Base */,
			);
			name = LaunchScreen.storyboard;
			sourceTree = "<group>";
		};
/* End PBXVariantGroup section */

/* Begin XCBuildConfiguration section */
		4D49CA182435E211004A7E1E /* Debug */ = {
			isa = XCBuildConfiguration;
			buildSettings = {
				ALWAYS_SEARCH_USER_PATHS = NO;
				CLANG_ANALYZER_NONNULL = YES;
				CLANG_ANALYZER_NUMBER_OBJECT_CONVERSION = YES_AGGRESSIVE;
				CLANG_CXX_LANGUAGE_STANDARD = "gnu++14";
				CLANG_CXX_LIBRARY = "libc++";
				CLANG_ENABLE_MODULES = YES;
				CLANG_ENABLE_OBJC_ARC = YES;
				CLANG_ENABLE_OBJC_WEAK = YES;
				CLANG_WARN_BLOCK_CAPTURE_AUTORELEASING = YES;
				CLANG_WARN_BOOL_CONVERSION = YES;
				CLANG_WARN_COMMA = YES;
				CLANG_WARN_CONSTANT_CONVERSION = YES;
				CLANG_WARN_DEPRECATED_OBJC_IMPLEMENTATIONS = YES;
				CLANG_WARN_DIRECT_OBJC_ISA_USAGE = YES_ERROR;
				CLANG_WARN_DOCUMENTATION_COMMENTS = YES;
				CLANG_WARN_EMPTY_BODY = YES;
				CLANG_WARN_ENUM_CONVERSION = YES;
				CLANG_WARN_INFINITE_RECURSION = YES;
				CLANG_WARN_INT_CONVERSION = YES;
				CLANG_WARN_NON_LITERAL_NULL_CONVERSION = YES;
				CLANG_WARN_OBJC_IMPLICIT_RETAIN_SELF = YES;
				CLANG_WARN_OBJC_LITERAL_CONVERSION = YES;
				CLANG_WARN_OBJC_ROOT_CLASS = YES_ERROR;
				CLANG_WARN_RANGE_LOOP_ANALYSIS = YES;
				CLANG_WARN_STRICT_PROTOTYPES = YES;
				CLANG_WARN_SUSPICIOUS_MOVE = YES;
				CLANG_WARN_UNGUARDED_AVAILABILITY = YES_AGGRESSIVE;
				CLANG_WARN_UNREACHABLE_CODE = YES;
				CLANG_WARN__DUPLICATE_METHOD_MATCH = YES;
				COPY_PHASE_STRIP = NO;
				DEBUG_INFORMATION_FORMAT = dwarf;
				ENABLE_STRICT_OBJC_MSGSEND = YES;
				ENABLE_TESTABILITY = YES;
				GCC_C_LANGUAGE_STANDARD = gnu11;
				GCC_DYNAMIC_NO_PIC = NO;
				GCC_NO_COMMON_BLOCKS = YES;
				GCC_OPTIMIZATION_LEVEL = 0;
				GCC_PREPROCESSOR_DEFINITIONS = (
					"DEBUG=1",
					"$(inherited)",
				);
				GCC_WARN_64_TO_32_BIT_CONVERSION = YES;
				GCC_WARN_ABOUT_RETURN_TYPE = YES_ERROR;
				GCC_WARN_UNDECLARED_SELECTOR = YES;
				GCC_WARN_UNINITIALIZED_AUTOS = YES_AGGRESSIVE;
				GCC_WARN_UNUSED_FUNCTION = YES;
				GCC_WARN_UNUSED_VARIABLE = YES;
				IPHONEOS_DEPLOYMENT_TARGET = 13.2;
				MTL_ENABLE_DEBUG_INFO = INCLUDE_SOURCE;
				MTL_FAST_MATH = YES;
				ONLY_ACTIVE_ARCH = YES;
				SDKROOT = iphoneos;
				SWIFT_ACTIVE_COMPILATION_CONDITIONS = DEBUG;
				SWIFT_OPTIMIZATION_LEVEL = "-Onone";
			};
			name = Debug;
		};
		4D49CA192435E211004A7E1E /* Release */ = {
			isa = XCBuildConfiguration;
			buildSettings = {
				ALWAYS_SEARCH_USER_PATHS = NO;
				CLANG_ANALYZER_NONNULL = YES;
				CLANG_ANALYZER_NUMBER_OBJECT_CONVERSION = YES_AGGRESSIVE;
				CLANG_CXX_LANGUAGE_STANDARD = "gnu++14";
				CLANG_CXX_LIBRARY = "libc++";
				CLANG_ENABLE_MODULES = YES;
				CLANG_ENABLE_OBJC_ARC = YES;
				CLANG_ENABLE_OBJC_WEAK = YES;
				CLANG_WARN_BLOCK_CAPTURE_AUTORELEASING = YES;
				CLANG_WARN_BOOL_CONVERSION = YES;
				CLANG_WARN_COMMA = YES;
				CLANG_WARN_CONSTANT_CONVERSION = YES;
				CLANG_WARN_DEPRECATED_OBJC_IMPLEMENTATIONS = YES;
				CLANG_WARN_DIRECT_OBJC_ISA_USAGE = YES_ERROR;
				CLANG_WARN_DOCUMENTATION_COMMENTS = YES;
				CLANG_WARN_EMPTY_BODY = YES;
				CLANG_WARN_ENUM_CONVERSION = YES;
				CLANG_WARN_INFINITE_RECURSION = YES;
				CLANG_WARN_INT_CONVERSION = YES;
				CLANG_WARN_NON_LITERAL_NULL_CONVERSION = YES;
				CLANG_WARN_OBJC_IMPLICIT_RETAIN_SELF = YES;
				CLANG_WARN_OBJC_LITERAL_CONVERSION = YES;
				CLANG_WARN_OBJC_ROOT_CLASS = YES_ERROR;
				CLANG_WARN_RANGE_LOOP_ANALYSIS = YES;
				CLANG_WARN_STRICT_PROTOTYPES = YES;
				CLANG_WARN_SUSPICIOUS_MOVE = YES;
				CLANG_WARN_UNGUARDED_AVAILABILITY = YES_AGGRESSIVE;
				CLANG_WARN_UNREACHABLE_CODE = YES;
				CLANG_WARN__DUPLICATE_METHOD_MATCH = YES;
				COPY_PHASE_STRIP = NO;
				DEBUG_INFORMATION_FORMAT = "dwarf-with-dsym";
				ENABLE_NS_ASSERTIONS = NO;
				ENABLE_STRICT_OBJC_MSGSEND = YES;
				GCC_C_LANGUAGE_STANDARD = gnu11;
				GCC_NO_COMMON_BLOCKS = YES;
				GCC_WARN_64_TO_32_BIT_CONVERSION = YES;
				GCC_WARN_ABOUT_RETURN_TYPE = YES_ERROR;
				GCC_WARN_UNDECLARED_SELECTOR = YES;
				GCC_WARN_UNINITIALIZED_AUTOS = YES_AGGRESSIVE;
				GCC_WARN_UNUSED_FUNCTION = YES;
				GCC_WARN_UNUSED_VARIABLE = YES;
				IPHONEOS_DEPLOYMENT_TARGET = 13.2;
				MTL_ENABLE_DEBUG_INFO = NO;
				MTL_FAST_MATH = YES;
				SDKROOT = iphoneos;
				SWIFT_COMPILATION_MODE = wholemodule;
				SWIFT_OPTIMIZATION_LEVEL = "-O";
				VALIDATE_PRODUCT = YES;
			};
			name = Release;
		};
		4D49CA1B2435E211004A7E1E /* Debug */ = {
			isa = XCBuildConfiguration;
			baseConfigurationReference = 4A097B0CC718FEEE2007C02B /* Pods-myFirstApp.debug.xcconfig */;
			buildSettings = {
				ASSETCATALOG_COMPILER_APPICON_NAME = AppIcon;
				CODE_SIGN_STYLE = Automatic;
				DEVELOPMENT_TEAM = B56HW2TT5J;
				INFOPLIST_FILE = myFirstApp/Info.plist;
				LD_RUNPATH_SEARCH_PATHS = (
					"$(inherited)",
					"@executable_path/Frameworks",
				);
				PRODUCT_BUNDLE_IDENTIFIER = com.StillBeat.myFirstApp;
				PRODUCT_NAME = "$(TARGET_NAME)";
				SWIFT_VERSION = 5.0;
				TARGETED_DEVICE_FAMILY = "1,2";
			};
			name = Debug;
		};
		4D49CA1C2435E211004A7E1E /* Release */ = {
			isa = XCBuildConfiguration;
			baseConfigurationReference = 21F1025338F98F892B390846 /* Pods-myFirstApp.release.xcconfig */;
			buildSettings = {
				ASSETCATALOG_COMPILER_APPICON_NAME = AppIcon;
				CODE_SIGN_STYLE = Automatic;
				DEVELOPMENT_TEAM = B56HW2TT5J;
				INFOPLIST_FILE = myFirstApp/Info.plist;
				LD_RUNPATH_SEARCH_PATHS = (
					"$(inherited)",
					"@executable_path/Frameworks",
				);
				PRODUCT_BUNDLE_IDENTIFIER = com.StillBeat.myFirstApp;
				PRODUCT_NAME = "$(TARGET_NAME)";
				SWIFT_VERSION = 5.0;
				TARGETED_DEVICE_FAMILY = "1,2";
			};
			name = Release;
		};
/* End XCBuildConfiguration section */

/* Begin XCConfigurationList section */
		4D49CA012435E20F004A7E1E /* Build configuration list for PBXProject "myFirstApp" */ = {
			isa = XCConfigurationList;
			buildConfigurations = (
				4D49CA182435E211004A7E1E /* Debug */,
				4D49CA192435E211004A7E1E /* Release */,
			);
			defaultConfigurationIsVisible = 0;
			defaultConfigurationName = Release;
		};
		4D49CA1A2435E211004A7E1E /* Build configuration list for PBXNativeTarget "myFirstApp" */ = {
			isa = XCConfigurationList;
			buildConfigurations = (
				4D49CA1B2435E211004A7E1E /* Debug */,
				4D49CA1C2435E211004A7E1E /* Release */,
			);
			defaultConfigurationIsVisible = 0;
			defaultConfigurationName = Release;
		};
/* End XCConfigurationList section */
	};
	rootObject = 4D49C9FE2435E20F004A7E1E /* Project object */;
}
